
Microsoft Visual Studio Solution File, Format Version 12.00
# Visual Studio Version 17
VisualStudioVersion = 17.13.35825.156 d17.13
MinimumVisualStudioVersion = 10.0.40219.1
Project("{FAE04EC0-301F-11D3-BF4B-00C04F79EFBC}") = "CajeroATM_Proyecto", "CajeroATM_Proyecto.csproj", "{E333A166-B953-45AF-8A58-EF5F516E8468}"
EndProject
Global
	GlobalSection(SolutionConfigurationPlatforms) = preSolution
		Debug|Any CPU = Debug|Any CPU
		Release|Any CPU = Release|Any CPU
	EndGlobalSection
	GlobalSection(ProjectConfigurationPlatforms) = postSolution
		{E333A166-B953-45AF-8A58-EF5F516E8468}.Debug|Any CPU.ActiveCfg = Debug|Any CPU
		{E333A166-B953-45AF-8A58-EF5F516E8468}.Debug|Any CPU.Build.0 = Debug|Any CPU
		{E333A166-B953-45AF-8A58-EF5F516E8468}.Release|Any CPU.ActiveCfg = Release|Any CPU
		{E333A166-B953-45AF-8A58-EF5F516E8468}.Release|Any CPU.Build.0 = Release|Any CPU
	EndGlobalSection
	GlobalSection(SolutionProperties) = preSolution
		HideSolutionNode = FALSE
	EndGlobalSection
	GlobalSection(ExtensibilityGlobals) = postSolution
		SolutionGuid = {C82974CF-C0A3-4865-9F8E-34B759D91F13}
	EndGlobalSection
EndGlobal
